// !$*UTF8*$!
{
	archiveVersion = 1;
	classes = {
	};
	objectVersion = 56;
	objects = {

/* Begin PBXBuildFile section */
		2D595FAB2AEA95C6005B6A18 /* SettingsViewController.swift in Sources */ = {isa = PBXBuildFile; fileRef = 2D595FAA2AEA95C6005B6A18 /* SettingsViewController.swift */; };
		2D595FAE2AEAD49C005B6A18 /* CollectionCell.swift in Sources */ = {isa = PBXBuildFile; fileRef = 2D595FAD2AEAD49C005B6A18 /* CollectionCell.swift */; };
		2D595FB02AEAEF8E005B6A18 /* Assets.xcassets in Resources */ = {isa = PBXBuildFile; fileRef = 2D595FAF2AEAEF8E005B6A18 /* Assets.xcassets */; };
		2D595FBA2AEC0DC3005B6A18 /* WubbaLubbaDubDub.ttf in Resources */ = {isa = PBXBuildFile; fileRef = 2D595FB92AEC0DC2005B6A18 /* WubbaLubbaDubDub.ttf */; };
		2D595FBB2AEC0DC3005B6A18 /* WubbaLubbaDubDub.ttf in Resources */ = {isa = PBXBuildFile; fileRef = 2D595FB92AEC0DC2005B6A18 /* WubbaLubbaDubDub.ttf */; };
		2D595FBC2AEC0DC3005B6A18 /* WubbaLubbaDubDub.ttf in Resources */ = {isa = PBXBuildFile; fileRef = 2D595FB92AEC0DC2005B6A18 /* WubbaLubbaDubDub.ttf */; };
		2D5AD8912AEC15360054B83C /* Walt.ttf in Resources */ = {isa = PBXBuildFile; fileRef = 2D5AD8902AEC15360054B83C /* Walt.ttf */; };
		2D5AD8922AEC15360054B83C /* Walt.ttf in Resources */ = {isa = PBXBuildFile; fileRef = 2D5AD8902AEC15360054B83C /* Walt.ttf */; };
		2D5AD8932AEC15360054B83C /* Walt.ttf in Resources */ = {isa = PBXBuildFile; fileRef = 2D5AD8902AEC15360054B83C /* Walt.ttf */; };
		2D5AD8962AED20CC0054B83C /* Welcome.swift in Sources */ = {isa = PBXBuildFile; fileRef = 2D5AD8952AED20CC0054B83C /* Welcome.swift */; };
		2D5AD8972AED20CC0054B83C /* Welcome.swift in Sources */ = {isa = PBXBuildFile; fileRef = 2D5AD8952AED20CC0054B83C /* Welcome.swift */; };
		2D5AD8982AED20CC0054B83C /* Welcome.swift in Sources */ = {isa = PBXBuildFile; fileRef = 2D5AD8952AED20CC0054B83C /* Welcome.swift */; };
		2D5AD89E2AED236A0054B83C /* Location.swift in Sources */ = {isa = PBXBuildFile; fileRef = 2D5AD89D2AED236A0054B83C /* Location.swift */; };
		2D5AD89F2AED236A0054B83C /* Location.swift in Sources */ = {isa = PBXBuildFile; fileRef = 2D5AD89D2AED236A0054B83C /* Location.swift */; };
		2D5AD8A02AED236A0054B83C /* Location.swift in Sources */ = {isa = PBXBuildFile; fileRef = 2D5AD89D2AED236A0054B83C /* Location.swift */; };
		2D5AD8A22AED23880054B83C /* Info.swift in Sources */ = {isa = PBXBuildFile; fileRef = 2D5AD8A12AED23880054B83C /* Info.swift */; };
		2D5AD8A32AED23880054B83C /* Info.swift in Sources */ = {isa = PBXBuildFile; fileRef = 2D5AD8A12AED23880054B83C /* Info.swift */; };
		2D5AD8A42AED23880054B83C /* Info.swift in Sources */ = {isa = PBXBuildFile; fileRef = 2D5AD8A12AED23880054B83C /* Info.swift */; };
		2D5AD8A62AED23A50054B83C /* Result.swift in Sources */ = {isa = PBXBuildFile; fileRef = 2D5AD8A52AED23A50054B83C /* Result.swift */; };
		2D5AD8A72AED23A50054B83C /* Result.swift in Sources */ = {isa = PBXBuildFile; fileRef = 2D5AD8A52AED23A50054B83C /* Result.swift */; };
		2D5AD8A82AED23A50054B83C /* Result.swift in Sources */ = {isa = PBXBuildFile; fileRef = 2D5AD8A52AED23A50054B83C /* Result.swift */; };
		2D5AD8AB2AED24460054B83C /* APIManager.swift in Sources */ = {isa = PBXBuildFile; fileRef = 2D5AD8AA2AED24460054B83C /* APIManager.swift */; };
		2D5AD8AC2AED24460054B83C /* APIManager.swift in Sources */ = {isa = PBXBuildFile; fileRef = 2D5AD8AA2AED24460054B83C /* APIManager.swift */; };
		2D5AD8AD2AED24460054B83C /* APIManager.swift in Sources */ = {isa = PBXBuildFile; fileRef = 2D5AD8AA2AED24460054B83C /* APIManager.swift */; };
		2D5AD8AF2AED29390054B83C /* Character.swift in Sources */ = {isa = PBXBuildFile; fileRef = 2D5AD8AE2AED29390054B83C /* Character.swift */; };
		2D5AD8B02AED29390054B83C /* Character.swift in Sources */ = {isa = PBXBuildFile; fileRef = 2D5AD8AE2AED29390054B83C /* Character.swift */; };
		2D5AD8B12AED29390054B83C /* Character.swift in Sources */ = {isa = PBXBuildFile; fileRef = 2D5AD8AE2AED29390054B83C /* Character.swift */; };
		2D5AD8B32AED485D0054B83C /* NavBarAppearance.swift in Sources */ = {isa = PBXBuildFile; fileRef = 2D5AD8B22AED485D0054B83C /* NavBarAppearance.swift */; };
		2D998B502AE9801700332345 /* AppDelegate.swift in Sources */ = {isa = PBXBuildFile; fileRef = 2D998B4F2AE9801700332345 /* AppDelegate.swift */; };
		2D998B522AE9801700332345 /* SceneDelegate.swift in Sources */ = {isa = PBXBuildFile; fileRef = 2D998B512AE9801700332345 /* SceneDelegate.swift */; };
		2D998B542AE9801700332345 /* CharactersViewController.swift in Sources */ = {isa = PBXBuildFile; fileRef = 2D998B532AE9801700332345 /* CharactersViewController.swift */; };
		2D998B5C2AE9801800332345 /* LaunchScreen.storyboard in Resources */ = {isa = PBXBuildFile; fileRef = 2D998B5A2AE9801800332345 /* LaunchScreen.storyboard */; };
		2D998B672AE9801900332345 /* RickAndMortyTests.swift in Sources */ = {isa = PBXBuildFile; fileRef = 2D998B662AE9801900332345 /* RickAndMortyTests.swift */; };
		2D998B712AE9801900332345 /* RickAndMortyUITests.swift in Sources */ = {isa = PBXBuildFile; fileRef = 2D998B702AE9801900332345 /* RickAndMortyUITests.swift */; };
		2D998B732AE9801900332345 /* RickAndMortyUITestsLaunchTests.swift in Sources */ = {isa = PBXBuildFile; fileRef = 2D998B722AE9801900332345 /* RickAndMortyUITestsLaunchTests.swift */; };
		2D998B802AEA774000332345 /* TabBar.swift in Sources */ = {isa = PBXBuildFile; fileRef = 2D998B7F2AEA773F00332345 /* TabBar.swift */; };
		2D998B822AEA77FC00332345 /* EpisodesViewController.swift in Sources */ = {isa = PBXBuildFile; fileRef = 2D998B812AEA77FC00332345 /* EpisodesViewController.swift */; };
		2D998B842AEA781B00332345 /* LocationsViewController.swift in Sources */ = {isa = PBXBuildFile; fileRef = 2D998B832AEA781B00332345 /* LocationsViewController.swift */; };
/* End PBXBuildFile section */

/* Begin PBXContainerItemProxy section */
		2D998B632AE9801900332345 /* PBXContainerItemProxy */ = {
			isa = PBXContainerItemProxy;
			containerPortal = 2D998B442AE9801700332345 /* Project object */;
			proxyType = 1;
			remoteGlobalIDString = 2D998B4B2AE9801700332345;
			remoteInfo = RickAndMorty;
		};
		2D998B6D2AE9801900332345 /* PBXContainerItemProxy */ = {
			isa = PBXContainerItemProxy;
			containerPortal = 2D998B442AE9801700332345 /* Project object */;
			proxyType = 1;
			remoteGlobalIDString = 2D998B4B2AE9801700332345;
			remoteInfo = RickAndMorty;
		};
/* End PBXContainerItemProxy section */

/* Begin PBXFileReference section */
		2D595FAA2AEA95C6005B6A18 /* SettingsViewController.swift */ = {isa = PBXFileReference; lastKnownFileType = sourcecode.swift; path = SettingsViewController.swift; sourceTree = "<group>"; };
		2D595FAD2AEAD49C005B6A18 /* CollectionCell.swift */ = {isa = PBXFileReference; lastKnownFileType = sourcecode.swift; path = CollectionCell.swift; sourceTree = "<group>"; };
		2D595FAF2AEAEF8E005B6A18 /* Assets.xcassets */ = {isa = PBXFileReference; lastKnownFileType = folder.assetcatalog; name = Assets.xcassets; path = ../../../.Trash/Assets.xcassets; sourceTree = "<group>"; };
		2D595FB92AEC0DC2005B6A18 /* WubbaLubbaDubDub.ttf */ = {isa = PBXFileReference; lastKnownFileType = file; path = WubbaLubbaDubDub.ttf; sourceTree = "<group>"; };
		2D5AD8902AEC15360054B83C /* Walt.ttf */ = {isa = PBXFileReference; lastKnownFileType = file; path = Walt.ttf; sourceTree = "<group>"; };
		2D5AD8952AED20CC0054B83C /* Welcome.swift */ = {isa = PBXFileReference; lastKnownFileType = sourcecode.swift; path = Welcome.swift; sourceTree = "<group>"; };
		2D5AD89D2AED236A0054B83C /* Location.swift */ = {isa = PBXFileReference; lastKnownFileType = sourcecode.swift; path = Location.swift; sourceTree = "<group>"; };
		2D5AD8A12AED23880054B83C /* Info.swift */ = {isa = PBXFileReference; lastKnownFileType = sourcecode.swift; path = Info.swift; sourceTree = "<group>"; };
		2D5AD8A52AED23A50054B83C /* Result.swift */ = {isa = PBXFileReference; lastKnownFileType = sourcecode.swift; path = Result.swift; sourceTree = "<group>"; };
		2D5AD8AA2AED24460054B83C /* APIManager.swift */ = {isa = PBXFileReference; lastKnownFileType = sourcecode.swift; path = APIManager.swift; sourceTree = "<group>"; };
		2D5AD8AE2AED29390054B83C /* Character.swift */ = {isa = PBXFileReference; lastKnownFileType = sourcecode.swift; path = Character.swift; sourceTree = "<group>"; };
		2D5AD8B22AED485D0054B83C /* NavBarAppearance.swift */ = {isa = PBXFileReference; lastKnownFileType = sourcecode.swift; path = NavBarAppearance.swift; sourceTree = "<group>"; };
		2D998B4C2AE9801700332345 /* RickAndMorty.app */ = {isa = PBXFileReference; explicitFileType = wrapper.application; includeInIndex = 0; path = RickAndMorty.app; sourceTree = BUILT_PRODUCTS_DIR; };
		2D998B4F2AE9801700332345 /* AppDelegate.swift */ = {isa = PBXFileReference; lastKnownFileType = sourcecode.swift; path = AppDelegate.swift; sourceTree = "<group>"; };
		2D998B512AE9801700332345 /* SceneDelegate.swift */ = {isa = PBXFileReference; lastKnownFileType = sourcecode.swift; path = SceneDelegate.swift; sourceTree = "<group>"; };
		2D998B532AE9801700332345 /* CharactersViewController.swift */ = {isa = PBXFileReference; lastKnownFileType = sourcecode.swift; path = CharactersViewController.swift; sourceTree = "<group>"; };
		2D998B5B2AE9801800332345 /* Base */ = {isa = PBXFileReference; lastKnownFileType = file.storyboard; name = Base; path = Base.lproj/LaunchScreen.storyboard; sourceTree = "<group>"; };
		2D998B5D2AE9801800332345 /* Info.plist */ = {isa = PBXFileReference; lastKnownFileType = text.plist.xml; path = Info.plist; sourceTree = "<group>"; };
		2D998B622AE9801900332345 /* RickAndMortyTests.xctest */ = {isa = PBXFileReference; explicitFileType = wrapper.cfbundle; includeInIndex = 0; path = RickAndMortyTests.xctest; sourceTree = BUILT_PRODUCTS_DIR; };
		2D998B662AE9801900332345 /* RickAndMortyTests.swift */ = {isa = PBXFileReference; lastKnownFileType = sourcecode.swift; path = RickAndMortyTests.swift; sourceTree = "<group>"; };
		2D998B6C2AE9801900332345 /* RickAndMortyUITests.xctest */ = {isa = PBXFileReference; explicitFileType = wrapper.cfbundle; includeInIndex = 0; path = RickAndMortyUITests.xctest; sourceTree = BUILT_PRODUCTS_DIR; };
		2D998B702AE9801900332345 /* RickAndMortyUITests.swift */ = {isa = PBXFileReference; lastKnownFileType = sourcecode.swift; path = RickAndMortyUITests.swift; sourceTree = "<group>"; };
		2D998B722AE9801900332345 /* RickAndMortyUITestsLaunchTests.swift */ = {isa = PBXFileReference; lastKnownFileType = sourcecode.swift; path = RickAndMortyUITestsLaunchTests.swift; sourceTree = "<group>"; };
		2D998B7F2AEA773F00332345 /* TabBar.swift */ = {isa = PBXFileReference; lastKnownFileType = sourcecode.swift; path = TabBar.swift; sourceTree = "<group>"; };
		2D998B812AEA77FC00332345 /* EpisodesViewController.swift */ = {isa = PBXFileReference; lastKnownFileType = sourcecode.swift; path = EpisodesViewController.swift; sourceTree = "<group>"; };
		2D998B832AEA781B00332345 /* LocationsViewController.swift */ = {isa = PBXFileReference; lastKnownFileType = sourcecode.swift; path = LocationsViewController.swift; sourceTree = "<group>"; };
/* End PBXFileReference section */

/* Begin PBXFrameworksBuildPhase section */
		2D998B492AE9801700332345 /* Frameworks */ = {
			isa = PBXFrameworksBuildPhase;
			buildActionMask = 2147483647;
			files = (
			);
			runOnlyForDeploymentPostprocessing = 0;
		};
		2D998B5F2AE9801900332345 /* Frameworks */ = {
			isa = PBXFrameworksBuildPhase;
			buildActionMask = 2147483647;
			files = (
			);
			runOnlyForDeploymentPostprocessing = 0;
		};
		2D998B692AE9801900332345 /* Frameworks */ = {
			isa = PBXFrameworksBuildPhase;
			buildActionMask = 2147483647;
			files = (
			);
			runOnlyForDeploymentPostprocessing = 0;
		};
/* End PBXFrameworksBuildPhase section */

/* Begin PBXGroup section */
		2D595FA72AEA940A005B6A18 /* App */ = {
			isa = PBXGroup;
			children = (
				2D998B4F2AE9801700332345 /* AppDelegate.swift */,
				2D998B512AE9801700332345 /* SceneDelegate.swift */,
			);
			path = App;
			sourceTree = "<group>";
		};
		2D595FA82AEA9436005B6A18 /* Controllers */ = {
			isa = PBXGroup;
			children = (
				2D998B532AE9801700332345 /* CharactersViewController.swift */,
				2D998B812AEA77FC00332345 /* EpisodesViewController.swift */,
				2D998B832AEA781B00332345 /* LocationsViewController.swift */,
				2D595FAA2AEA95C6005B6A18 /* SettingsViewController.swift */,
			);
			path = Controllers;
			sourceTree = "<group>";
		};
		2D595FA92AEA9448005B6A18 /* TabBar */ = {
			isa = PBXGroup;
			children = (
				2D998B7F2AEA773F00332345 /* TabBar.swift */,
			);
			path = TabBar;
			sourceTree = "<group>";
		};
		2D595FAC2AEAD484005B6A18 /* Cell */ = {
			isa = PBXGroup;
			children = (
				2D595FAD2AEAD49C005B6A18 /* CollectionCell.swift */,
			);
			path = Cell;
			sourceTree = "<group>";
		};
		2D5AD8832AEC12470054B83C /* Fonts */ = {
			isa = PBXGroup;
			children = (
				2D5AD8902AEC15360054B83C /* Walt.ttf */,
				2D595FB92AEC0DC2005B6A18 /* WubbaLubbaDubDub.ttf */,
			);
			path = Fonts;
			sourceTree = "<group>";
		};
		2D5AD8942AED20750054B83C /* Models */ = {
			isa = PBXGroup;
			children = (
				2D5AD8AE2AED29390054B83C /* Character.swift */,
			);
			path = Models;
			sourceTree = "<group>";
		};
		2D5AD8A92AED241B0054B83C /* Networking */ = {
			isa = PBXGroup;
			children = (
				2D5AD8AA2AED24460054B83C /* APIManager.swift */,
			);
			path = Networking;
			sourceTree = "<group>";
		};
		2D5AD8B42AED494F0054B83C /* Global */ = {
			isa = PBXGroup;
			children = (
				2D5AD8B22AED485D0054B83C /* NavBarAppearance.swift */,
			);
			path = Global;
			sourceTree = "<group>";
		};
		2D5AD8B52AED52830054B83C /* Networking Models */ = {
			isa = PBXGroup;
			children = (
				2D5AD8952AED20CC0054B83C /* Welcome.swift */,
				2D5AD8A12AED23880054B83C /* Info.swift */,
				2D5AD8A52AED23A50054B83C /* Result.swift */,
				2D5AD89D2AED236A0054B83C /* Location.swift */,
			);
			path = "Networking Models";
			sourceTree = "<group>";
		};
		2D998B432AE9801700332345 = {
			isa = PBXGroup;
			children = (
				2D998B4E2AE9801700332345 /* RickAndMorty */,
				2D998B652AE9801900332345 /* RickAndMortyTests */,
				2D998B6F2AE9801900332345 /* RickAndMortyUITests */,
				2D998B4D2AE9801700332345 /* Products */,
			);
			sourceTree = "<group>";
		};
		2D998B4D2AE9801700332345 /* Products */ = {
			isa = PBXGroup;
			children = (
				2D998B4C2AE9801700332345 /* RickAndMorty.app */,
				2D998B622AE9801900332345 /* RickAndMortyTests.xctest */,
				2D998B6C2AE9801900332345 /* RickAndMortyUITests.xctest */,
			);
			name = Products;
			sourceTree = "<group>";
		};
		2D998B4E2AE9801700332345 /* RickAndMorty */ = {
			isa = PBXGroup;
			children = (
				2D595FA72AEA940A005B6A18 /* App */,
				2D5AD8942AED20750054B83C /* Models */,
				2D5AD8B52AED52830054B83C /* Networking Models */,
				2D5AD8B42AED494F0054B83C /* Global */,
				2D5AD8A92AED241B0054B83C /* Networking */,
				2D595FA82AEA9436005B6A18 /* Controllers */,
				2D595FAC2AEAD484005B6A18 /* Cell */,
				2D595FA92AEA9448005B6A18 /* TabBar */,
				2D5AD8832AEC12470054B83C /* Fonts */,
				2D595FAF2AEAEF8E005B6A18 /* Assets.xcassets */,
				2D998B5A2AE9801800332345 /* LaunchScreen.storyboard */,
				2D998B5D2AE9801800332345 /* Info.plist */,
			);
			path = RickAndMorty;
			sourceTree = "<group>";
		};
		2D998B652AE9801900332345 /* RickAndMortyTests */ = {
			isa = PBXGroup;
			children = (
				2D998B662AE9801900332345 /* RickAndMortyTests.swift */,
			);
			path = RickAndMortyTests;
			sourceTree = "<group>";
		};
		2D998B6F2AE9801900332345 /* RickAndMortyUITests */ = {
			isa = PBXGroup;
			children = (
				2D998B702AE9801900332345 /* RickAndMortyUITests.swift */,
				2D998B722AE9801900332345 /* RickAndMortyUITestsLaunchTests.swift */,
			);
			path = RickAndMortyUITests;
			sourceTree = "<group>";
		};
/* End PBXGroup section */

/* Begin PBXNativeTarget section */
		2D998B4B2AE9801700332345 /* RickAndMorty */ = {
			isa = PBXNativeTarget;
			buildConfigurationList = 2D998B762AE9801900332345 /* Build configuration list for PBXNativeTarget "RickAndMorty" */;
			buildPhases = (
				2D998B482AE9801700332345 /* Sources */,
				2D998B492AE9801700332345 /* Frameworks */,
				2D998B4A2AE9801700332345 /* Resources */,
			);
			buildRules = (
			);
			dependencies = (
			);
			name = RickAndMorty;
			productName = RickAndMorty;
			productReference = 2D998B4C2AE9801700332345 /* RickAndMorty.app */;
			productType = "com.apple.product-type.application";
		};
		2D998B612AE9801900332345 /* RickAndMortyTests */ = {
			isa = PBXNativeTarget;
			buildConfigurationList = 2D998B792AE9801900332345 /* Build configuration list for PBXNativeTarget "RickAndMortyTests" */;
			buildPhases = (
				2D998B5E2AE9801900332345 /* Sources */,
				2D998B5F2AE9801900332345 /* Frameworks */,
				2D998B602AE9801900332345 /* Resources */,
			);
			buildRules = (
			);
			dependencies = (
				2D998B642AE9801900332345 /* PBXTargetDependency */,
			);
			name = RickAndMortyTests;
			productName = RickAndMortyTests;
			productReference = 2D998B622AE9801900332345 /* RickAndMortyTests.xctest */;
			productType = "com.apple.product-type.bundle.unit-test";
		};
		2D998B6B2AE9801900332345 /* RickAndMortyUITests */ = {
			isa = PBXNativeTarget;
			buildConfigurationList = 2D998B7C2AE9801900332345 /* Build configuration list for PBXNativeTarget "RickAndMortyUITests" */;
			buildPhases = (
				2D998B682AE9801900332345 /* Sources */,
				2D998B692AE9801900332345 /* Frameworks */,
				2D998B6A2AE9801900332345 /* Resources */,
			);
			buildRules = (
			);
			dependencies = (
				2D998B6E2AE9801900332345 /* PBXTargetDependency */,
			);
			name = RickAndMortyUITests;
			productName = RickAndMortyUITests;
			productReference = 2D998B6C2AE9801900332345 /* RickAndMortyUITests.xctest */;
			productType = "com.apple.product-type.bundle.ui-testing";
		};
/* End PBXNativeTarget section */

/* Begin PBXProject section */
		2D998B442AE9801700332345 /* Project object */ = {
			isa = PBXProject;
			attributes = {
				BuildIndependentTargetsInParallel = 1;
				LastSwiftUpdateCheck = 1430;
				LastUpgradeCheck = 1430;
				TargetAttributes = {
					2D998B4B2AE9801700332345 = {
						CreatedOnToolsVersion = 14.3.1;
					};
					2D998B612AE9801900332345 = {
						CreatedOnToolsVersion = 14.3.1;
						TestTargetID = 2D998B4B2AE9801700332345;
					};
					2D998B6B2AE9801900332345 = {
						CreatedOnToolsVersion = 14.3.1;
						TestTargetID = 2D998B4B2AE9801700332345;
					};
				};
			};
			buildConfigurationList = 2D998B472AE9801700332345 /* Build configuration list for PBXProject "RickAndMorty" */;
			compatibilityVersion = "Xcode 14.0";
			developmentRegion = en;
			hasScannedForEncodings = 0;
			knownRegions = (
				en,
				Base,
			);
			mainGroup = 2D998B432AE9801700332345;
			productRefGroup = 2D998B4D2AE9801700332345 /* Products */;
			projectDirPath = "";
			projectRoot = "";
			targets = (
				2D998B4B2AE9801700332345 /* RickAndMorty */,
				2D998B612AE9801900332345 /* RickAndMortyTests */,
				2D998B6B2AE9801900332345 /* RickAndMortyUITests */,
			);
		};
/* End PBXProject section */

/* Begin PBXResourcesBuildPhase section */
		2D998B4A2AE9801700332345 /* Resources */ = {
			isa = PBXResourcesBuildPhase;
			buildActionMask = 2147483647;
			files = (
				2D5AD8912AEC15360054B83C /* Walt.ttf in Resources */,
				2D595FBA2AEC0DC3005B6A18 /* WubbaLubbaDubDub.ttf in Resources */,
				2D595FB02AEAEF8E005B6A18 /* Assets.xcassets in Resources */,
				2D998B5C2AE9801800332345 /* LaunchScreen.storyboard in Resources */,
			);
			runOnlyForDeploymentPostprocessing = 0;
		};
		2D998B602AE9801900332345 /* Resources */ = {
			isa = PBXResourcesBuildPhase;
			buildActionMask = 2147483647;
			files = (
				2D5AD8922AEC15360054B83C /* Walt.ttf in Resources */,
				2D595FBB2AEC0DC3005B6A18 /* WubbaLubbaDubDub.ttf in Resources */,
			);
			runOnlyForDeploymentPostprocessing = 0;
		};
		2D998B6A2AE9801900332345 /* Resources */ = {
			isa = PBXResourcesBuildPhase;
			buildActionMask = 2147483647;
			files = (
				2D5AD8932AEC15360054B83C /* Walt.ttf in Resources */,
				2D595FBC2AEC0DC3005B6A18 /* WubbaLubbaDubDub.ttf in Resources */,
			);
			runOnlyForDeploymentPostprocessing = 0;
		};
/* End PBXResourcesBuildPhase section */

/* Begin PBXSourcesBuildPhase section */
		2D998B482AE9801700332345 /* Sources */ = {
			isa = PBXSourcesBuildPhase;
			buildActionMask = 2147483647;
			files = (
				2D998B542AE9801700332345 /* CharactersViewController.swift in Sources */,
				2D5AD8A62AED23A50054B83C /* Result.swift in Sources */,
				2D5AD89E2AED236A0054B83C /* Location.swift in Sources */,
				2D5AD8962AED20CC0054B83C /* Welcome.swift in Sources */,
				2D998B822AEA77FC00332345 /* EpisodesViewController.swift in Sources */,
				2D5AD8AB2AED24460054B83C /* APIManager.swift in Sources */,
				2D595FAB2AEA95C6005B6A18 /* SettingsViewController.swift in Sources */,
				2D595FAE2AEAD49C005B6A18 /* CollectionCell.swift in Sources */,
				2D998B502AE9801700332345 /* AppDelegate.swift in Sources */,
				2D998B522AE9801700332345 /* SceneDelegate.swift in Sources */,
				2D5AD8B32AED485D0054B83C /* NavBarAppearance.swift in Sources */,
				2D5AD8A22AED23880054B83C /* Info.swift in Sources */,
				2D5AD8AF2AED29390054B83C /* Character.swift in Sources */,
				2D998B802AEA774000332345 /* TabBar.swift in Sources */,
				2D998B842AEA781B00332345 /* LocationsViewController.swift in Sources */,
			);
			runOnlyForDeploymentPostprocessing = 0;
		};
		2D998B5E2AE9801900332345 /* Sources */ = {
			isa = PBXSourcesBuildPhase;
			buildActionMask = 2147483647;
			files = (
				2D5AD8A72AED23A50054B83C /* Result.swift in Sources */,
				2D5AD8972AED20CC0054B83C /* Welcome.swift in Sources */,
				2D5AD89F2AED236A0054B83C /* Location.swift in Sources */,
				2D5AD8A32AED23880054B83C /* Info.swift in Sources */,
				2D998B672AE9801900332345 /* RickAndMortyTests.swift in Sources */,
				2D5AD8AC2AED24460054B83C /* APIManager.swift in Sources */,
				2D5AD8B02AED29390054B83C /* Character.swift in Sources */,
			);
			runOnlyForDeploymentPostprocessing = 0;
		};
		2D998B682AE9801900332345 /* Sources */ = {
			isa = PBXSourcesBuildPhase;
			buildActionMask = 2147483647;
			files = (
				2D5AD8B12AED29390054B83C /* Character.swift in Sources */,
				2D5AD8AD2AED24460054B83C /* APIManager.swift in Sources */,
				2D998B712AE9801900332345 /* RickAndMortyUITests.swift in Sources */,
				2D5AD8982AED20CC0054B83C /* Welcome.swift in Sources */,
				2D5AD8A02AED236A0054B83C /* Location.swift in Sources */,
				2D5AD8A42AED23880054B83C /* Info.swift in Sources */,
				2D5AD8A82AED23A50054B83C /* Result.swift in Sources */,
				2D998B732AE9801900332345 /* RickAndMortyUITestsLaunchTests.swift in Sources */,
			);
			runOnlyForDeploymentPostprocessing = 0;
		};
/* End PBXSourcesBuildPhase section */

/* Begin PBXTargetDependency section */
		2D998B642AE9801900332345 /* PBXTargetDependency */ = {
			isa = PBXTargetDependency;
			target = 2D998B4B2AE9801700332345 /* RickAndMorty */;
			targetProxy = 2D998B632AE9801900332345 /* PBXContainerItemProxy */;
		};
		2D998B6E2AE9801900332345 /* PBXTargetDependency */ = {
			isa = PBXTargetDependency;
			target = 2D998B4B2AE9801700332345 /* RickAndMorty */;
			targetProxy = 2D998B6D2AE9801900332345 /* PBXContainerItemProxy */;
		};
/* End PBXTargetDependency section */

/* Begin PBXVariantGroup section */
		2D998B5A2AE9801800332345 /* LaunchScreen.storyboard */ = {
			isa = PBXVariantGroup;
			children = (
				2D998B5B2AE9801800332345 /* Base */,
			);
			name = LaunchScreen.storyboard;
			sourceTree = "<group>";
		};
/* End PBXVariantGroup section */

/* Begin XCBuildConfiguration section */
		2D998B742AE9801900332345 /* Debug */ = {
			isa = XCBuildConfiguration;
			buildSettings = {
				ALWAYS_SEARCH_USER_PATHS = NO;
				CLANG_ANALYZER_NONNULL = YES;
				CLANG_ANALYZER_NUMBER_OBJECT_CONVERSION = YES_AGGRESSIVE;
				CLANG_CXX_LANGUAGE_STANDARD = "gnu++20";
				CLANG_ENABLE_MODULES = YES;
				CLANG_ENABLE_OBJC_ARC = YES;
				CLANG_ENABLE_OBJC_WEAK = YES;
				CLANG_WARN_BLOCK_CAPTURE_AUTORELEASING = YES;
				CLANG_WARN_BOOL_CONVERSION = YES;
				CLANG_WARN_COMMA = YES;
				CLANG_WARN_CONSTANT_CONVERSION = YES;
				CLANG_WARN_DEPRECATED_OBJC_IMPLEMENTATIONS = YES;
				CLANG_WARN_DIRECT_OBJC_ISA_USAGE = YES_ERROR;
				CLANG_WARN_DOCUMENTATION_COMMENTS = YES;
				CLANG_WARN_EMPTY_BODY = YES;
				CLANG_WARN_ENUM_CONVERSION = YES;
				CLANG_WARN_INFINITE_RECURSION = YES;
				CLANG_WARN_INT_CONVERSION = YES;
				CLANG_WARN_NON_LITERAL_NULL_CONVERSION = YES;
				CLANG_WARN_OBJC_IMPLICIT_RETAIN_SELF = YES;
				CLANG_WARN_OBJC_LITERAL_CONVERSION = YES;
				CLANG_WARN_OBJC_ROOT_CLASS = YES_ERROR;
				CLANG_WARN_QUOTED_INCLUDE_IN_FRAMEWORK_HEADER = YES;
				CLANG_WARN_RANGE_LOOP_ANALYSIS = YES;
				CLANG_WARN_STRICT_PROTOTYPES = YES;
				CLANG_WARN_SUSPICIOUS_MOVE = YES;
				CLANG_WARN_UNGUARDED_AVAILABILITY = YES_AGGRESSIVE;
				CLANG_WARN_UNREACHABLE_CODE = YES;
				CLANG_WARN__DUPLICATE_METHOD_MATCH = YES;
				COPY_PHASE_STRIP = NO;
				DEBUG_INFORMATION_FORMAT = dwarf;
				ENABLE_STRICT_OBJC_MSGSEND = YES;
				ENABLE_TESTABILITY = YES;
				GCC_C_LANGUAGE_STANDARD = gnu11;
				GCC_DYNAMIC_NO_PIC = NO;
				GCC_NO_COMMON_BLOCKS = YES;
				GCC_OPTIMIZATION_LEVEL = 0;
				GCC_PREPROCESSOR_DEFINITIONS = (
					"DEBUG=1",
					"$(inherited)",
				);
				GCC_WARN_64_TO_32_BIT_CONVERSION = YES;
				GCC_WARN_ABOUT_RETURN_TYPE = YES_ERROR;
				GCC_WARN_UNDECLARED_SELECTOR = YES;
				GCC_WARN_UNINITIALIZED_AUTOS = YES_AGGRESSIVE;
				GCC_WARN_UNUSED_FUNCTION = YES;
				GCC_WARN_UNUSED_VARIABLE = YES;
				IPHONEOS_DEPLOYMENT_TARGET = 16.4;
				MTL_ENABLE_DEBUG_INFO = INCLUDE_SOURCE;
				MTL_FAST_MATH = YES;
				ONLY_ACTIVE_ARCH = YES;
				SDKROOT = iphoneos;
				SWIFT_ACTIVE_COMPILATION_CONDITIONS = DEBUG;
				SWIFT_OPTIMIZATION_LEVEL = "-Onone";
			};
			name = Debug;
		};
		2D998B752AE9801900332345 /* Release */ = {
			isa = XCBuildConfiguration;
			buildSettings = {
				ALWAYS_SEARCH_USER_PATHS = NO;
				CLANG_ANALYZER_NONNULL = YES;
				CLANG_ANALYZER_NUMBER_OBJECT_CONVERSION = YES_AGGRESSIVE;
				CLANG_CXX_LANGUAGE_STANDARD = "gnu++20";
				CLANG_ENABLE_MODULES = YES;
				CLANG_ENABLE_OBJC_ARC = YES;
				CLANG_ENABLE_OBJC_WEAK = YES;
				CLANG_WARN_BLOCK_CAPTURE_AUTORELEASING = YES;
				CLANG_WARN_BOOL_CONVERSION = YES;
				CLANG_WARN_COMMA = YES;
				CLANG_WARN_CONSTANT_CONVERSION = YES;
				CLANG_WARN_DEPRECATED_OBJC_IMPLEMENTATIONS = YES;
				CLANG_WARN_DIRECT_OBJC_ISA_USAGE = YES_ERROR;
				CLANG_WARN_DOCUMENTATION_COMMENTS = YES;
				CLANG_WARN_EMPTY_BODY = YES;
				CLANG_WARN_ENUM_CONVERSION = YES;
				CLANG_WARN_INFINITE_RECURSION = YES;
				CLANG_WARN_INT_CONVERSION = YES;
				CLANG_WARN_NON_LITERAL_NULL_CONVERSION = YES;
				CLANG_WARN_OBJC_IMPLICIT_RETAIN_SELF = YES;
				CLANG_WARN_OBJC_LITERAL_CONVERSION = YES;
				CLANG_WARN_OBJC_ROOT_CLASS = YES_ERROR;
				CLANG_WARN_QUOTED_INCLUDE_IN_FRAMEWORK_HEADER = YES;
				CLANG_WARN_RANGE_LOOP_ANALYSIS = YES;
				CLANG_WARN_STRICT_PROTOTYPES = YES;
				CLANG_WARN_SUSPICIOUS_MOVE = YES;
				CLANG_WARN_UNGUARDED_AVAILABILITY = YES_AGGRESSIVE;
				CLANG_WARN_UNREACHABLE_CODE = YES;
				CLANG_WARN__DUPLICATE_METHOD_MATCH = YES;
				COPY_PHASE_STRIP = NO;
				DEBUG_INFORMATION_FORMAT = "dwarf-with-dsym";
				ENABLE_NS_ASSERTIONS = NO;
				ENABLE_STRICT_OBJC_MSGSEND = YES;
				GCC_C_LANGUAGE_STANDARD = gnu11;
				GCC_NO_COMMON_BLOCKS = YES;
				GCC_WARN_64_TO_32_BIT_CONVERSION = YES;
				GCC_WARN_ABOUT_RETURN_TYPE = YES_ERROR;
				GCC_WARN_UNDECLARED_SELECTOR = YES;
				GCC_WARN_UNINITIALIZED_AUTOS = YES_AGGRESSIVE;
				GCC_WARN_UNUSED_FUNCTION = YES;
				GCC_WARN_UNUSED_VARIABLE = YES;
				IPHONEOS_DEPLOYMENT_TARGET = 16.4;
				MTL_ENABLE_DEBUG_INFO = NO;
				MTL_FAST_MATH = YES;
				SDKROOT = iphoneos;
				SWIFT_COMPILATION_MODE = wholemodule;
				SWIFT_OPTIMIZATION_LEVEL = "-O";
				VALIDATE_PRODUCT = YES;
			};
			name = Release;
		};
		2D998B772AE9801900332345 /* Debug */ = {
			isa = XCBuildConfiguration;
			buildSettings = {
				ASSETCATALOG_COMPILER_APPICON_NAME = AppIcon;
				ASSETCATALOG_COMPILER_GLOBAL_ACCENT_COLOR_NAME = AccentColor;
				CODE_SIGN_STYLE = Automatic;
				CURRENT_PROJECT_VERSION = 1;
				DEVELOPMENT_TEAM = B95M54369M;
				GENERATE_INFOPLIST_FILE = YES;
				INFOPLIST_FILE = RickAndMorty/Info.plist;
				INFOPLIST_KEY_UIApplicationSupportsIndirectInputEvents = YES;
				INFOPLIST_KEY_UILaunchStoryboardName = LaunchScreen;
				INFOPLIST_KEY_UISupportedInterfaceOrientations_iPad = "UIInterfaceOrientationPortrait UIInterfaceOrientationPortraitUpsideDown UIInterfaceOrientationLandscapeLeft UIInterfaceOrientationLandscapeRight";
				INFOPLIST_KEY_UISupportedInterfaceOrientations_iPhone = "UIInterfaceOrientationPortrait UIInterfaceOrientationLandscapeLeft UIInterfaceOrientationLandscapeRight";
				LD_RUNPATH_SEARCH_PATHS = (
					"$(inherited)",
					"@executable_path/Frameworks",
				);
				MARKETING_VERSION = 1.0;
				PRODUCT_BUNDLE_IDENTIFIER = "-.RickAndMorty";
				PRODUCT_NAME = "$(TARGET_NAME)";
				SWIFT_EMIT_LOC_STRINGS = YES;
				SWIFT_VERSION = 5.0;
				TARGETED_DEVICE_FAMILY = "1,2";
			};
			name = Debug;
		};
		2D998B782AE9801900332345 /* Release */ = {
			isa = XCBuildConfiguration;
			buildSettings = {
				ASSETCATALOG_COMPILER_APPICON_NAME = AppIcon;
				ASSETCATALOG_COMPILER_GLOBAL_ACCENT_COLOR_NAME = AccentColor;
				CODE_SIGN_STYLE = Automatic;
				CURRENT_PROJECT_VERSION = 1;
				DEVELOPMENT_TEAM = B95M54369M;
				GENERATE_INFOPLIST_FILE = YES;
				INFOPLIST_FILE = RickAndMorty/Info.plist;
				INFOPLIST_KEY_UIApplicationSupportsIndirectInputEvents = YES;
				INFOPLIST_KEY_UILaunchStoryboardName = LaunchScreen;
				INFOPLIST_KEY_UISupportedInterfaceOrientations_iPad = "UIInterfaceOrientationPortrait UIInterfaceOrientationPortraitUpsideDown UIInterfaceOrientationLandscapeLeft UIInterfaceOrientationLandscapeRight";
				INFOPLIST_KEY_UISupportedInterfaceOrientations_iPhone = "UIInterfaceOrientationPortrait UIInterfaceOrientationLandscapeLeft UIInterfaceOrientationLandscapeRight";
				LD_RUNPATH_SEARCH_PATHS = (
					"$(inherited)",
					"@executable_path/Frameworks",
				);
				MARKETING_VERSION = 1.0;
				PRODUCT_BUNDLE_IDENTIFIER = "-.RickAndMorty";
				PRODUCT_NAME = "$(TARGET_NAME)";
				SWIFT_EMIT_LOC_STRINGS = YES;
				SWIFT_VERSION = 5.0;
				TARGETED_DEVICE_FAMILY = "1,2";
			};
			name = Release;
		};
		2D998B7A2AE9801900332345 /* Debug */ = {
			isa = XCBuildConfiguration;
			buildSettings = {
				ALWAYS_EMBED_SWIFT_STANDARD_LIBRARIES = YES;
				BUNDLE_LOADER = "$(TEST_HOST)";
				CODE_SIGN_STYLE = Automatic;
				CURRENT_PROJECT_VERSION = 1;
				DEVELOPMENT_TEAM = B95M54369M;
				GENERATE_INFOPLIST_FILE = YES;
				IPHONEOS_DEPLOYMENT_TARGET = 16.4;
				MARKETING_VERSION = 1.0;
				PRODUCT_BUNDLE_IDENTIFIER = "-.RickAndMortyTests";
				PRODUCT_NAME = "$(TARGET_NAME)";
				SWIFT_EMIT_LOC_STRINGS = NO;
				SWIFT_VERSION = 5.0;
				TARGETED_DEVICE_FAMILY = "1,2";
				TEST_HOST = "$(BUILT_PRODUCTS_DIR)/RickAndMorty.app/$(BUNDLE_EXECUTABLE_FOLDER_PATH)/RickAndMorty";
			};
			name = Debug;
		};
		2D998B7B2AE9801900332345 /* Release */ = {
			isa = XCBuildConfiguration;
			buildSettings = {
				ALWAYS_EMBED_SWIFT_STANDARD_LIBRARIES = YES;
				BUNDLE_LOADER = "$(TEST_HOST)";
				CODE_SIGN_STYLE = Automatic;
				CURRENT_PROJECT_VERSION = 1;
				DEVELOPMENT_TEAM = B95M54369M;
				GENERATE_INFOPLIST_FILE = YES;
				IPHONEOS_DEPLOYMENT_TARGET = 16.4;
				MARKETING_VERSION = 1.0;
				PRODUCT_BUNDLE_IDENTIFIER = "-.RickAndMortyTests";
				PRODUCT_NAME = "$(TARGET_NAME)";
				SWIFT_EMIT_LOC_STRINGS = NO;
				SWIFT_VERSION = 5.0;
				TARGETED_DEVICE_FAMILY = "1,2";
				TEST_HOST = "$(BUILT_PRODUCTS_DIR)/RickAndMorty.app/$(BUNDLE_EXECUTABLE_FOLDER_PATH)/RickAndMorty";
			};
			name = Release;
		};
		2D998B7D2AE9801900332345 /* Debug */ = {
			isa = XCBuildConfiguration;
			buildSettings = {
				ALWAYS_EMBED_SWIFT_STANDARD_LIBRARIES = YES;
				CODE_SIGN_STYLE = Automatic;
				CURRENT_PROJECT_VERSION = 1;
				DEVELOPMENT_TEAM = B95M54369M;
				GENERATE_INFOPLIST_FILE = YES;
				MARKETING_VERSION = 1.0;
				PRODUCT_BUNDLE_IDENTIFIER = "-.RickAndMortyUITests";
				PRODUCT_NAME = "$(TARGET_NAME)";
				SWIFT_EMIT_LOC_STRINGS = NO;
				SWIFT_VERSION = 5.0;
				TARGETED_DEVICE_FAMILY = "1,2";
				TEST_TARGET_NAME = RickAndMorty;
			};
			name = Debug;
		};
		2D998B7E2AE9801900332345 /* Release */ = {
			isa = XCBuildConfiguration;
			buildSettings = {
				ALWAYS_EMBED_SWIFT_STANDARD_LIBRARIES = YES;
				CODE_SIGN_STYLE = Automatic;
				CURRENT_PROJECT_VERSION = 1;
				DEVELOPMENT_TEAM = B95M54369M;
				GENERATE_INFOPLIST_FILE = YES;
				MARKETING_VERSION = 1.0;
				PRODUCT_BUNDLE_IDENTIFIER = "-.RickAndMortyUITests";
				PRODUCT_NAME = "$(TARGET_NAME)";
				SWIFT_EMIT_LOC_STRINGS = NO;
				SWIFT_VERSION = 5.0;
				TARGETED_DEVICE_FAMILY = "1,2";
				TEST_TARGET_NAME = RickAndMorty;
			};
			name = Release;
		};
/* End XCBuildConfiguration section */

/* Begin XCConfigurationList section */
		2D998B472AE9801700332345 /* Build configuration list for PBXProject "RickAndMorty" */ = {
			isa = XCConfigurationList;
			buildConfigurations = (
				2D998B742AE9801900332345 /* Debug */,
				2D998B752AE9801900332345 /* Release */,
			);
			defaultConfigurationIsVisible = 0;
			defaultConfigurationName = Release;
		};
		2D998B762AE9801900332345 /* Build configuration list for PBXNativeTarget "RickAndMorty" */ = {
			isa = XCConfigurationList;
			buildConfigurations = (
				2D998B772AE9801900332345 /* Debug */,
				2D998B782AE9801900332345 /* Release */,
			);
			defaultConfigurationIsVisible = 0;
			defaultConfigurationName = Release;
		};
		2D998B792AE9801900332345 /* Build configuration list for PBXNativeTarget "RickAndMortyTests" */ = {
			isa = XCConfigurationList;
			buildConfigurations = (
				2D998B7A2AE9801900332345 /* Debug */,
				2D998B7B2AE9801900332345 /* Release */,
			);
			defaultConfigurationIsVisible = 0;
			defaultConfigurationName = Release;
		};
		2D998B7C2AE9801900332345 /* Build configuration list for PBXNativeTarget "RickAndMortyUITests" */ = {
			isa = XCConfigurationList;
			buildConfigurations = (
				2D998B7D2AE9801900332345 /* Debug */,
				2D998B7E2AE9801900332345 /* Release */,
			);
			defaultConfigurationIsVisible = 0;
			defaultConfigurationName = Release;
		};
/* End XCConfigurationList section */
	};
	rootObject = 2D998B442AE9801700332345 /* Project object */;
}
